# Generated by buf. DO NOT EDIT.
version: v1
deps:
  - remote: buf.build
    owner: provenance-io
    repository: third-party
    commit: 3d841561f6ae4bf8be7eacf75cce438a
    digest: shake256:d9bb67b46c471a7a0ef98afd5f6d2af6612fa6a996b2e47faad524310ab84a20547d8aefe360ad422ea459a901e2e7a4109c965c9a9a5599301e4aac7dc35c96
