# Generated by buf. DO NOT EDIT.
version: v1
deps:
  - remote: buf.build
    owner: provenance-io
    repository: third-party
    commit: f62dec225b3a4114897d591961cb63c3
    digest: shake256:aeeea525f9a406283db542dbf8e5b536151c41fd60585ac8dd46081f5f69cdf0d5a110a676b0a564b156259ee433437861692b5c0372abaf5e3a5a84e67ea32a
