# Generated by buf. DO NOT EDIT.
version: v1
deps:
  - remote: buf.build
    owner: provenance-io
    repository: third-party
    commit: d47ab550bca940569aa738a6b3dcb104
    digest: shake256:b1a7cab045dc5ef09ed529579ba664af5634ed9040af98e60cff7c64c19f265e18e4c96d7c9e3793904f727f13cabb59a6927d10d2fceae2b047dd4eb9a2f9b4
